
Microsoft Visual Studio Solution File, Format Version 12.00
# Visual Studio Version 17
VisualStudioVersion = 17.3.32929.385
MinimumVisualStudioVersion = 10.0.40219.1
Project("{FAE04EC0-301F-11D3-BF4B-00C04F79EFBC}") = "HelloWorldWithVS", "HelloWorldWithVS\HelloWorldWithVS.csproj", "{9862A6B9-29BE-4076-8894-6327E2F9D872}"
EndProject
Global
	GlobalSection(SolutionConfigurationPlatforms) = preSolution
		Debug|Any CPU = Debug|Any CPU
		Release|Any CPU = Release|Any CPU
	EndGlobalSection
	GlobalSection(ProjectConfigurationPlatforms) = postSolution
		{9862A6B9-29BE-4076-8894-6327E2F9D872}.Debug|Any CPU.ActiveCfg = Debug|Any CPU
		{9862A6B9-29BE-4076-8894-6327E2F9D872}.Debug|Any CPU.Build.0 = Debug|Any CPU
		{9862A6B9-29BE-4076-8894-6327E2F9D872}.Release|Any CPU.ActiveCfg = Release|Any CPU
		{9862A6B9-29BE-4076-8894-6327E2F9D872}.Release|Any CPU.Build.0 = Release|Any CPU
	EndGlobalSection
	GlobalSection(SolutionProperties) = preSolution
		HideSolutionNode = FALSE
	EndGlobalSection
	GlobalSection(ExtensibilityGlobals) = postSolution
		SolutionGuid = {D9F51779-3141-4EBA-9FA5-8A28D608431B}
	EndGlobalSection
EndGlobal
