
Microsoft Visual Studio Solution File, Format Version 12.00
# Visual Studio Version 16
VisualStudioVersion = 16.0.30517.126
MinimumVisualStudioVersion = 10.0.40219.1
Project("{FAE04EC0-301F-11D3-BF4B-00C04F79EFBC}") = "GuiDemo", "GuiDemo\GuiDemo.csproj", "{72C43E55-88D4-47ED-B170-1E946BEBFA51}"
EndProject
Global
	GlobalSection(SolutionConfigurationPlatforms) = preSolution
		Debug|Any CPU = Debug|Any CPU
		Release|Any CPU = Release|Any CPU
	EndGlobalSection
	GlobalSection(ProjectConfigurationPlatforms) = postSolution
		{72C43E55-88D4-47ED-B170-1E946BEBFA51}.Debug|Any CPU.ActiveCfg = Debug|Any CPU
		{72C43E55-88D4-47ED-B170-1E946BEBFA51}.Debug|Any CPU.Build.0 = Debug|Any CPU
		{72C43E55-88D4-47ED-B170-1E946BEBFA51}.Release|Any CPU.ActiveCfg = Release|Any CPU
		{72C43E55-88D4-47ED-B170-1E946BEBFA51}.Release|Any CPU.Build.0 = Release|Any CPU
	EndGlobalSection
	GlobalSection(SolutionProperties) = preSolution
		HideSolutionNode = FALSE
	EndGlobalSection
	GlobalSection(ExtensibilityGlobals) = postSolution
		SolutionGuid = {3B174A46-D9CC-470D-8D25-DDEB554578DD}
	EndGlobalSection
EndGlobal
