
Microsoft Visual Studio Solution File, Format Version 12.00
# Visual Studio Version 17
VisualStudioVersion = 17.3.32929.385
MinimumVisualStudioVersion = 10.0.40219.1
Project("{FAE04EC0-301F-11D3-BF4B-00C04F79EFBC}") = "HelloWorldWithClass", "HelloWorldWithClass\HelloWorldWithClass.csproj", "{1212828D-1350-4433-BDB1-6D1619D15DB5}"
EndProject
Project("{FAE04EC0-301F-11D3-BF4B-00C04F79EFBC}") = "myLibrary", "myLibrary\myLibrary.csproj", "{71F798CA-915B-493F-B055-1B39DB386DB1}"
EndProject
Project("{FAE04EC0-301F-11D3-BF4B-00C04F79EFBC}") = "mySecondLibrary", "mySecondLibrary\mySecondLibrary.csproj", "{90BF1691-6319-47FC-BF33-2EF61AC8CD83}"
EndProject
Global
	GlobalSection(SolutionConfigurationPlatforms) = preSolution
		Debug|Any CPU = Debug|Any CPU
		Release|Any CPU = Release|Any CPU
	EndGlobalSection
	GlobalSection(ProjectConfigurationPlatforms) = postSolution
		{1212828D-1350-4433-BDB1-6D1619D15DB5}.Debug|Any CPU.ActiveCfg = Debug|Any CPU
		{1212828D-1350-4433-BDB1-6D1619D15DB5}.Debug|Any CPU.Build.0 = Debug|Any CPU
		{1212828D-1350-4433-BDB1-6D1619D15DB5}.Release|Any CPU.ActiveCfg = Release|Any CPU
		{1212828D-1350-4433-BDB1-6D1619D15DB5}.Release|Any CPU.Build.0 = Release|Any CPU
		{71F798CA-915B-493F-B055-1B39DB386DB1}.Debug|Any CPU.ActiveCfg = Debug|Any CPU
		{71F798CA-915B-493F-B055-1B39DB386DB1}.Debug|Any CPU.Build.0 = Debug|Any CPU
		{71F798CA-915B-493F-B055-1B39DB386DB1}.Release|Any CPU.ActiveCfg = Release|Any CPU
		{71F798CA-915B-493F-B055-1B39DB386DB1}.Release|Any CPU.Build.0 = Release|Any CPU
		{90BF1691-6319-47FC-BF33-2EF61AC8CD83}.Debug|Any CPU.ActiveCfg = Debug|Any CPU
		{90BF1691-6319-47FC-BF33-2EF61AC8CD83}.Debug|Any CPU.Build.0 = Debug|Any CPU
		{90BF1691-6319-47FC-BF33-2EF61AC8CD83}.Release|Any CPU.ActiveCfg = Release|Any CPU
		{90BF1691-6319-47FC-BF33-2EF61AC8CD83}.Release|Any CPU.Build.0 = Release|Any CPU
	EndGlobalSection
	GlobalSection(SolutionProperties) = preSolution
		HideSolutionNode = FALSE
	EndGlobalSection
	GlobalSection(ExtensibilityGlobals) = postSolution
		SolutionGuid = {7F8434B6-D12C-433E-A85F-64249AE4569E}
	EndGlobalSection
EndGlobal
