
Microsoft Visual Studio Solution File, Format Version 12.00
# Visual Studio Version 17
VisualStudioVersion = 17.4.33205.214
MinimumVisualStudioVersion = 10.0.40219.1
Project("{FAE04EC0-301F-11D3-BF4B-00C04F79EFBC}") = "Parallel_Functions", "Parallel_Processing\Parallel_Functions.csproj", "{9324AF86-A390-4674-9A49-55E7926C58C3}"
EndProject
Global
	GlobalSection(SolutionConfigurationPlatforms) = preSolution
		Debug|Any CPU = Debug|Any CPU
		Release|Any CPU = Release|Any CPU
	EndGlobalSection
	GlobalSection(ProjectConfigurationPlatforms) = postSolution
		{9324AF86-A390-4674-9A49-55E7926C58C3}.Debug|Any CPU.ActiveCfg = Debug|Any CPU
		{9324AF86-A390-4674-9A49-55E7926C58C3}.Debug|Any CPU.Build.0 = Debug|Any CPU
		{9324AF86-A390-4674-9A49-55E7926C58C3}.Release|Any CPU.ActiveCfg = Release|Any CPU
		{9324AF86-A390-4674-9A49-55E7926C58C3}.Release|Any CPU.Build.0 = Release|Any CPU
	EndGlobalSection
	GlobalSection(SolutionProperties) = preSolution
		HideSolutionNode = FALSE
	EndGlobalSection
	GlobalSection(ExtensibilityGlobals) = postSolution
		SolutionGuid = {ED4E3E24-7711-480E-B8A2-DF44A3B72122}
	EndGlobalSection
EndGlobal
