
Microsoft Visual Studio Solution File, Format Version 12.00
# Visual Studio Version 16
VisualStudioVersion = 16.0.30516.212
MinimumVisualStudioVersion = 10.0.40219.1
Project("{9A19103F-16F7-4668-BE54-9A1E7A4F7556}") = "ThreadingSampleNetCore", "ThreadingSampleNetCore\ThreadingSampleNetCore.csproj", "{79697226-6C7F-49CA-B95D-8F0BA2AC90DA}"
EndProject
Global
	GlobalSection(SolutionConfigurationPlatforms) = preSolution
		Debug|Any CPU = Debug|Any CPU
		Release|Any CPU = Release|Any CPU
	EndGlobalSection
	GlobalSection(ProjectConfigurationPlatforms) = postSolution
		{79697226-6C7F-49CA-B95D-8F0BA2AC90DA}.Debug|Any CPU.ActiveCfg = Debug|Any CPU
		{79697226-6C7F-49CA-B95D-8F0BA2AC90DA}.Debug|Any CPU.Build.0 = Debug|Any CPU
		{79697226-6C7F-49CA-B95D-8F0BA2AC90DA}.Release|Any CPU.ActiveCfg = Release|Any CPU
		{79697226-6C7F-49CA-B95D-8F0BA2AC90DA}.Release|Any CPU.Build.0 = Release|Any CPU
	EndGlobalSection
	GlobalSection(SolutionProperties) = preSolution
		HideSolutionNode = FALSE
	EndGlobalSection
	GlobalSection(ExtensibilityGlobals) = postSolution
		SolutionGuid = {107A67DE-4129-40FC-9BB8-41229D5557F1}
	EndGlobalSection
EndGlobal
