
Microsoft Visual Studio Solution File, Format Version 12.00
# Visual Studio Version 17
VisualStudioVersion = 17.4.33103.184
MinimumVisualStudioVersion = 10.0.40219.1
Project("{FAE04EC0-301F-11D3-BF4B-00C04F79EFBC}") = "BadSample", "BadSample\BadSample.csproj", "{785EEEAF-35E2-48DF-A32C-82EDC265A22E}"
EndProject
Project("{FAE04EC0-301F-11D3-BF4B-00C04F79EFBC}") = "OopSample", "OopSample\OopSample.csproj", "{7A4B0D72-FBEB-4CEE-90EA-C3D9C799F6B1}"
EndProject
Global
	GlobalSection(SolutionConfigurationPlatforms) = preSolution
		Debug|Any CPU = Debug|Any CPU
		Release|Any CPU = Release|Any CPU
	EndGlobalSection
	GlobalSection(ProjectConfigurationPlatforms) = postSolution
		{785EEEAF-35E2-48DF-A32C-82EDC265A22E}.Debug|Any CPU.ActiveCfg = Debug|Any CPU
		{785EEEAF-35E2-48DF-A32C-82EDC265A22E}.Debug|Any CPU.Build.0 = Debug|Any CPU
		{785EEEAF-35E2-48DF-A32C-82EDC265A22E}.Release|Any CPU.ActiveCfg = Release|Any CPU
		{785EEEAF-35E2-48DF-A32C-82EDC265A22E}.Release|Any CPU.Build.0 = Release|Any CPU
		{7A4B0D72-FBEB-4CEE-90EA-C3D9C799F6B1}.Debug|Any CPU.ActiveCfg = Debug|Any CPU
		{7A4B0D72-FBEB-4CEE-90EA-C3D9C799F6B1}.Debug|Any CPU.Build.0 = Debug|Any CPU
		{7A4B0D72-FBEB-4CEE-90EA-C3D9C799F6B1}.Release|Any CPU.ActiveCfg = Release|Any CPU
		{7A4B0D72-FBEB-4CEE-90EA-C3D9C799F6B1}.Release|Any CPU.Build.0 = Release|Any CPU
	EndGlobalSection
	GlobalSection(SolutionProperties) = preSolution
		HideSolutionNode = FALSE
	EndGlobalSection
	GlobalSection(ExtensibilityGlobals) = postSolution
		SolutionGuid = {0F2C8DF0-CBAB-444A-94F8-31724D7362CD}
	EndGlobalSection
EndGlobal
