
Microsoft Visual Studio Solution File, Format Version 12.00
# Visual Studio Version 16
VisualStudioVersion = 16.0.30717.126
MinimumVisualStudioVersion = 10.0.40219.1
Project("{FAE04EC0-301F-11D3-BF4B-00C04F79EFBC}") = "QueueStorageSamples", "QueueStorageSamples.csproj", "{C64961AF-E7D8-41FD-B0D7-BD9533B8B055}"
EndProject
Global
	GlobalSection(SolutionConfigurationPlatforms) = preSolution
		Debug|Any CPU = Debug|Any CPU
		Release|Any CPU = Release|Any CPU
	EndGlobalSection
	GlobalSection(ProjectConfigurationPlatforms) = postSolution
		{C64961AF-E7D8-41FD-B0D7-BD9533B8B055}.Debug|Any CPU.ActiveCfg = Debug|Any CPU
		{C64961AF-E7D8-41FD-B0D7-BD9533B8B055}.Debug|Any CPU.Build.0 = Debug|Any CPU
		{C64961AF-E7D8-41FD-B0D7-BD9533B8B055}.Release|Any CPU.ActiveCfg = Release|Any CPU
		{C64961AF-E7D8-41FD-B0D7-BD9533B8B055}.Release|Any CPU.Build.0 = Release|Any CPU
	EndGlobalSection
	GlobalSection(SolutionProperties) = preSolution
		HideSolutionNode = FALSE
	EndGlobalSection
	GlobalSection(ExtensibilityGlobals) = postSolution
		SolutionGuid = {446762A9-D5E9-4C34-8EBB-F90391EB3A28}
	EndGlobalSection
EndGlobal
